
Microsoft Visual Studio Solution File, Format Version 12.00
# Visual Studio Version 17
VisualStudioVersion = 17.5.002.0
MinimumVisualStudioVersion = 10.0.40219.1
Project("{9A19103F-16F7-4668-BE54-9A1E7A4F7556}") = "FourBetCapital", "FourBetCapital\FourBetCapital.csproj", "{94C0AB2B-7A6F-4DB2-94D6-3A3D57D4AB7C}"
EndProject
Global
	GlobalSection(SolutionConfigurationPlatforms) = preSolution
		Debug|Any CPU = Debug|Any CPU
		Release|Any CPU = Release|Any CPU
	EndGlobalSection
	GlobalSection(ProjectConfigurationPlatforms) = postSolution
		{94C0AB2B-7A6F-4DB2-94D6-3A3D57D4AB7C}.Debug|Any CPU.ActiveCfg = Debug|Any CPU
		{94C0AB2B-7A6F-4DB2-94D6-3A3D57D4AB7C}.Debug|Any CPU.Build.0 = Debug|Any CPU
		{94C0AB2B-7A6F-4DB2-94D6-3A3D57D4AB7C}.Release|Any CPU.ActiveCfg = Release|Any CPU
		{94C0AB2B-7A6F-4DB2-94D6-3A3D57D4AB7C}.Release|Any CPU.Build.0 = Release|Any CPU
	EndGlobalSection
	GlobalSection(SolutionProperties) = preSolution
		HideSolutionNode = FALSE
	EndGlobalSection
	GlobalSection(ExtensibilityGlobals) = postSolution
		SolutionGuid = {E2095BC9-A785-40CB-AF73-51D986CA4C49}
	EndGlobalSection
EndGlobal
