
Microsoft Visual Studio Solution File, Format Version 12.00
# Visual Studio Version 17
VisualStudioVersion = 17.7.34024.191
MinimumVisualStudioVersion = 10.0.40219.1
Project("{FAE04EC0-301F-11D3-BF4B-00C04F79EFBC}") = "Server", "Server.csproj", "{277E90B1-92F8-4EA0-8620-055C17065D64}"
	ProjectSection(ProjectDependencies) = postProject
		{268FCD65-9BF8-4752-8375-F79696A50269} = {268FCD65-9BF8-4752-8375-F79696A50269}
	EndProjectSection
EndProject
Project("{8BC9CEB8-8B4A-11D0-8D11-00A0C91BC942}") = "Dll1", "..\Dll1\Dll1.vcxproj", "{268FCD65-9BF8-4752-8375-F79696A50269}"
EndProject
Global
	GlobalSection(SolutionConfigurationPlatforms) = preSolution
		Debug|Any CPU = Debug|Any CPU
		Debug|x64 = Debug|x64
		Debug|x86 = Debug|x86
		Release|Any CPU = Release|Any CPU
		Release|x64 = Release|x64
		Release|x86 = Release|x86
	EndGlobalSection
	GlobalSection(ProjectConfigurationPlatforms) = postSolution
		{277E90B1-92F8-4EA0-8620-055C17065D64}.Debug|Any CPU.ActiveCfg = Debug|Any CPU
		{277E90B1-92F8-4EA0-8620-055C17065D64}.Debug|Any CPU.Build.0 = Debug|Any CPU
		{277E90B1-92F8-4EA0-8620-055C17065D64}.Debug|x64.ActiveCfg = Debug|Any CPU
		{277E90B1-92F8-4EA0-8620-055C17065D64}.Debug|x64.Build.0 = Debug|Any CPU
		{277E90B1-92F8-4EA0-8620-055C17065D64}.Debug|x86.ActiveCfg = Debug|Any CPU
		{277E90B1-92F8-4EA0-8620-055C17065D64}.Debug|x86.Build.0 = Debug|Any CPU
		{277E90B1-92F8-4EA0-8620-055C17065D64}.Release|Any CPU.ActiveCfg = Release|Any CPU
		{277E90B1-92F8-4EA0-8620-055C17065D64}.Release|Any CPU.Build.0 = Release|Any CPU
		{277E90B1-92F8-4EA0-8620-055C17065D64}.Release|x64.ActiveCfg = Release|Any CPU
		{277E90B1-92F8-4EA0-8620-055C17065D64}.Release|x64.Build.0 = Release|Any CPU
		{277E90B1-92F8-4EA0-8620-055C17065D64}.Release|x86.ActiveCfg = Release|Any CPU
		{277E90B1-92F8-4EA0-8620-055C17065D64}.Release|x86.Build.0 = Release|Any CPU
		{268FCD65-9BF8-4752-8375-F79696A50269}.Debug|Any CPU.ActiveCfg = Debug|x64
		{268FCD65-9BF8-4752-8375-F79696A50269}.Debug|Any CPU.Build.0 = Debug|x64
		{268FCD65-9BF8-4752-8375-F79696A50269}.Debug|x64.ActiveCfg = Debug|x64
		{268FCD65-9BF8-4752-8375-F79696A50269}.Debug|x64.Build.0 = Debug|x64
		{268FCD65-9BF8-4752-8375-F79696A50269}.Debug|x86.ActiveCfg = Debug|Win32
		{268FCD65-9BF8-4752-8375-F79696A50269}.Debug|x86.Build.0 = Debug|Win32
		{268FCD65-9BF8-4752-8375-F79696A50269}.Release|Any CPU.ActiveCfg = Release|x64
		{268FCD65-9BF8-4752-8375-F79696A50269}.Release|Any CPU.Build.0 = Release|x64
		{268FCD65-9BF8-4752-8375-F79696A50269}.Release|x64.ActiveCfg = Release|x64
		{268FCD65-9BF8-4752-8375-F79696A50269}.Release|x64.Build.0 = Release|x64
		{268FCD65-9BF8-4752-8375-F79696A50269}.Release|x86.ActiveCfg = Release|Win32
		{268FCD65-9BF8-4752-8375-F79696A50269}.Release|x86.Build.0 = Release|Win32
	EndGlobalSection
	GlobalSection(SolutionProperties) = preSolution
		HideSolutionNode = FALSE
	EndGlobalSection
	GlobalSection(ExtensibilityGlobals) = postSolution
		SolutionGuid = {EB16AD9E-41C4-4817-805D-8902F018AA7A}
	EndGlobalSection
EndGlobal
